
Microsoft Visual Studio Solution File, Format Version 12.00
# Visual Studio Version 16
VisualStudioVersion = 16.0.32002.261
MinimumVisualStudioVersion = 10.0.40219.1
Project("{FAE04EC0-301F-11D3-BF4B-00C04F79EFBC}") = "lab_3", "lab_3\lab_3.csproj", "{F198C07D-1AA5-4305-909A-54E712DD800F}"
EndProject
Project("{FAE04EC0-301F-11D3-BF4B-00C04F79EFBC}") = "lab_3.Tests", "lab_3.Tests\lab_3.Tests.csproj", "{3EB61F1E-2704-4ABE-9EFF-D34DDE7117DD}"
EndProject
Global
	GlobalSection(SolutionConfigurationPlatforms) = preSolution
		Debug|Any CPU = Debug|Any CPU
		Release|Any CPU = Release|Any CPU
	EndGlobalSection
	GlobalSection(ProjectConfigurationPlatforms) = postSolution
		{F198C07D-1AA5-4305-909A-54E712DD800F}.Debug|Any CPU.ActiveCfg = Debug|Any CPU
		{F198C07D-1AA5-4305-909A-54E712DD800F}.Debug|Any CPU.Build.0 = Debug|Any CPU
		{F198C07D-1AA5-4305-909A-54E712DD800F}.Release|Any CPU.ActiveCfg = Release|Any CPU
		{F198C07D-1AA5-4305-909A-54E712DD800F}.Release|Any CPU.Build.0 = Release|Any CPU
		{3EB61F1E-2704-4ABE-9EFF-D34DDE7117DD}.Debug|Any CPU.ActiveCfg = Debug|Any CPU
		{3EB61F1E-2704-4ABE-9EFF-D34DDE7117DD}.Debug|Any CPU.Build.0 = Debug|Any CPU
		{3EB61F1E-2704-4ABE-9EFF-D34DDE7117DD}.Release|Any CPU.ActiveCfg = Release|Any CPU
		{3EB61F1E-2704-4ABE-9EFF-D34DDE7117DD}.Release|Any CPU.Build.0 = Release|Any CPU
	EndGlobalSection
	GlobalSection(SolutionProperties) = preSolution
		HideSolutionNode = FALSE
	EndGlobalSection
	GlobalSection(ExtensibilityGlobals) = postSolution
		SolutionGuid = {2B4F26D5-0A6B-4FFB-976A-EF8C36955CC0}
	EndGlobalSection
EndGlobal
